// !$*UTF8*$!
{
	archiveVersion = 1;
	classes = {
	};
	objectVersion = 46;
	objects = {

/* Begin PBXBuildFile section */
		1CBE1E8AB01B5147E93E6100 /* libPods-LCLevelIntervalView.a in Frameworks */ = {isa = PBXBuildFile; fileRef = 680E528EC155EFAE7EABDDFA /* libPods-LCLevelIntervalView.a */; };
		9D574C461F33032200B603DF /* LCLevelIntervalView.h in CopyFiles */ = {isa = PBXBuildFile; fileRef = 9D574C431F33032200B603DF /* LCLevelIntervalView.h */; };
		9DC9518B1F3DAC7800B440CC /* libLCLevelIntervalView.a in Frameworks */ = {isa = PBXBuildFile; fileRef = 9DC9518A1F3DAC7800B440CC /* libLCLevelIntervalView.a */; };
/* End PBXBuildFile section */

/* Begin PBXCopyFilesBuildPhase section */
		9D574C3E1F33032200B603DF /* CopyFiles */ = {
			isa = PBXCopyFilesBuildPhase;
			buildActionMask = 2147483647;
			dstPath = "include/$(PRODUCT_NAME)";
			dstSubfolderSpec = 16;
			files = (
				9D574C461F33032200B603DF /* LCLevelIntervalView.h in CopyFiles */,
			);
			runOnlyForDeploymentPostprocessing = 0;
		};
/* End PBXCopyFilesBuildPhase section */

/* Begin PBXFileReference section */
		557211C21550FDD8E92D4179 /* Pods-LCLevelIntervalView.debug.xcconfig */ = {isa = PBXFileReference; includeInIndex = 1; lastKnownFileType = text.xcconfig; name = "Pods-LCLevelIntervalView.debug.xcconfig"; path = "Pods/Target Support Files/Pods-LCLevelIntervalView/Pods-LCLevelIntervalView.debug.xcconfig"; sourceTree = "<group>"; };
		680E528EC155EFAE7EABDDFA /* libPods-LCLevelIntervalView.a */ = {isa = PBXFileReference; explicitFileType = archive.ar; includeInIndex = 0; path = "libPods-LCLevelIntervalView.a"; sourceTree = BUILT_PRODUCTS_DIR; };
		9D574C401F33032200B603DF /* libLCLevelIntervalView.a */ = {isa = PBXFileReference; explicitFileType = archive.ar; includeInIndex = 0; path = libLCLevelIntervalView.a; sourceTree = BUILT_PRODUCTS_DIR; };
		9D574C431F33032200B603DF /* LCLevelIntervalView.h */ = {isa = PBXFileReference; lastKnownFileType = sourcecode.c.h; path = LCLevelIntervalView.h; sourceTree = "<group>"; };
		9DBDFDDF1F39993D00DFCDB0 /* HeaderFiles.h */ = {isa = PBXFileReference; lastKnownFileType = sourcecode.c.h; path = HeaderFiles.h; sourceTree = "<group>"; };
		9DC9518A1F3DAC7800B440CC /* libLCLevelIntervalView.a */ = {isa = PBXFileReference; lastKnownFileType = archive.ar; path = libLCLevelIntervalView.a; sourceTree = "<group>"; };
		AFB8D22A1778F82CCB08B466 /* Pods-LCLevelIntervalView.release.xcconfig */ = {isa = PBXFileReference; includeInIndex = 1; lastKnownFileType = text.xcconfig; name = "Pods-LCLevelIntervalView.release.xcconfig"; path = "Pods/Target Support Files/Pods-LCLevelIntervalView/Pods-LCLevelIntervalView.release.xcconfig"; sourceTree = "<group>"; };
/* End PBXFileReference section */

/* Begin PBXFrameworksBuildPhase section */
		9D574C3D1F33032200B603DF /* Frameworks */ = {
			isa = PBXFrameworksBuildPhase;
			buildActionMask = 2147483647;
			files = (
				1CBE1E8AB01B5147E93E6100 /* libPods-LCLevelIntervalView.a in Frameworks */,
				9DC9518B1F3DAC7800B440CC /* libLCLevelIntervalView.a in Frameworks */,
			);
			runOnlyForDeploymentPostprocessing = 0;
		};
/* End PBXFrameworksBuildPhase section */

/* Begin PBXGroup section */
		901D6D7385FECFA06C29FED7 /* Pods */ = {
			isa = PBXGroup;
			children = (
				557211C21550FDD8E92D4179 /* Pods-LCLevelIntervalView.debug.xcconfig */,
				AFB8D22A1778F82CCB08B466 /* Pods-LCLevelIntervalView.release.xcconfig */,
			);
			name = Pods;
			sourceTree = "<group>";
		};
		9D574C371F33032200B603DF = {
			isa = PBXGroup;
			children = (
				9D574C421F33032200B603DF /* LCLevelIntervalView */,
				9D574C411F33032200B603DF /* Products */,
				901D6D7385FECFA06C29FED7 /* Pods */,
				E31DB466729155C528520704 /* Frameworks */,
			);
			sourceTree = "<group>";
		};
		9D574C411F33032200B603DF /* Products */ = {
			isa = PBXGroup;
			children = (
				9D574C401F33032200B603DF /* libLCLevelIntervalView.a */,
			);
			name = Products;
			sourceTree = "<group>";
		};
		9D574C421F33032200B603DF /* LCLevelIntervalView */ = {
			isa = PBXGroup;
			children = (
				9DC9518A1F3DAC7800B440CC /* libLCLevelIntervalView.a */,
				9D574C431F33032200B603DF /* LCLevelIntervalView.h */,
				9DBDFDDF1F39993D00DFCDB0 /* HeaderFiles.h */,
			);
			path = LCLevelIntervalView;
			sourceTree = "<group>";
		};
		E31DB466729155C528520704 /* Frameworks */ = {
			isa = PBXGroup;
			children = (
				680E528EC155EFAE7EABDDFA /* libPods-LCLevelIntervalView.a */,
			);
			name = Frameworks;
			sourceTree = "<group>";
		};
/* End PBXGroup section */

/* Begin PBXNativeTarget section */
		9D574C3F1F33032200B603DF /* LCLevelIntervalView */ = {
			isa = PBXNativeTarget;
			buildConfigurationList = 9D574C491F33032200B603DF /* Build configuration list for PBXNativeTarget "LCLevelIntervalView" */;
			buildPhases = (
				6F0613BA148602EEBF903C14 /* [CP] Check Pods Manifest.lock */,
				9D574C3C1F33032200B603DF /* Sources */,
				9D574C3D1F33032200B603DF /* Frameworks */,
				9D574C3E1F33032200B603DF /* CopyFiles */,
				27620345EC4CA101E8B7705E /* [CP] Copy Pods Resources */,
			);
			buildRules = (
			);
			dependencies = (
			);
			name = LCLevelIntervalView;
			productName = LCLevelIntervalView;
			productReference = 9D574C401F33032200B603DF /* libLCLevelIntervalView.a */;
			productType = "com.apple.product-type.library.static";
		};
/* End PBXNativeTarget section */

/* Begin PBXProject section */
		9D574C381F33032200B603DF /* Project object */ = {
			isa = PBXProject;
			attributes = {
				LastUpgradeCheck = 0830;
				ORGANIZATIONNAME = lichao;
				TargetAttributes = {
					9D574C3F1F33032200B603DF = {
						CreatedOnToolsVersion = 8.3.1;
						DevelopmentTeam = 743Y9377LW;
						ProvisioningStyle = Automatic;
					};
				};
			};
			buildConfigurationList = 9D574C3B1F33032200B603DF /* Build configuration list for PBXProject "LCLevelIntervalView" */;
			compatibilityVersion = "Xcode 3.2";
			developmentRegion = English;
			hasScannedForEncodings = 0;
			knownRegions = (
				en,
			);
			mainGroup = 9D574C371F33032200B603DF;
			productRefGroup = 9D574C411F33032200B603DF /* Products */;
			projectDirPath = "";
			projectRoot = "";
			targets = (
				9D574C3F1F33032200B603DF /* LCLevelIntervalView */,
			);
		};
/* End PBXProject section */

/* Begin PBXShellScriptBuildPhase section */
		27620345EC4CA101E8B7705E /* [CP] Copy Pods Resources */ = {
			isa = PBXShellScriptBuildPhase;
			buildActionMask = 2147483647;
			files = (
			);
			inputPaths = (
			);
			name = "[CP] Copy Pods Resources";
			outputPaths = (
			);
			runOnlyForDeploymentPostprocessing = 0;
			shellPath = /bin/sh;
			shellScript = "\"${SRCROOT}/Pods/Target Support Files/Pods-LCLevelIntervalView/Pods-LCLevelIntervalView-resources.sh\"\n";
			showEnvVarsInLog = 0;
		};
		6F0613BA148602EEBF903C14 /* [CP] Check Pods Manifest.lock */ = {
			isa = PBXShellScriptBuildPhase;
			buildActionMask = 2147483647;
			files = (
			);
			inputPaths = (
			);
			name = "[CP] Check Pods Manifest.lock";
			outputPaths = (
			);
			runOnlyForDeploymentPostprocessing = 0;
			shellPath = /bin/sh;
			shellScript = "diff \"${PODS_ROOT}/../Podfile.lock\" \"${PODS_ROOT}/Manifest.lock\" > /dev/null\nif [[ $? != 0 ]] ; then\n    cat << EOM\nerror: The sandbox is not in sync with the Podfile.lock. Run 'pod install' or update your CocoaPods installation.\nEOM\n    exit 1\nfi\n";
			showEnvVarsInLog = 0;
		};
/* End PBXShellScriptBuildPhase section */

/* Begin PBXSourcesBuildPhase section */
		9D574C3C1F33032200B603DF /* Sources */ = {
			isa = PBXSourcesBuildPhase;
			buildActionMask = 2147483647;
			files = (
			);
			runOnlyForDeploymentPostprocessing = 0;
		};
/* End PBXSourcesBuildPhase section */

/* Begin XCBuildConfiguration section */
		9D574C471F33032200B603DF /* Debug */ = {
			isa = XCBuildConfiguration;
			buildSettings = {
				ALWAYS_SEARCH_USER_PATHS = NO;
				CLANG_ANALYZER_NONNULL = YES;
				CLANG_ANALYZER_NUMBER_OBJECT_CONVERSION = YES_AGGRESSIVE;
				CLANG_CXX_LANGUAGE_STANDARD = "gnu++0x";
				CLANG_CXX_LIBRARY = "libc++";
				CLANG_ENABLE_MODULES = YES;
				CLANG_ENABLE_OBJC_ARC = YES;
				CLANG_WARN_BOOL_CONVERSION = YES;
				CLANG_WARN_CONSTANT_CONVERSION = YES;
				CLANG_WARN_DIRECT_OBJC_ISA_USAGE = YES_ERROR;
				CLANG_WARN_DOCUMENTATION_COMMENTS = YES;
				CLANG_WARN_EMPTY_BODY = YES;
				CLANG_WARN_ENUM_CONVERSION = YES;
				CLANG_WARN_INFINITE_RECURSION = YES;
				CLANG_WARN_INT_CONVERSION = YES;
				CLANG_WARN_OBJC_ROOT_CLASS = YES_ERROR;
				CLANG_WARN_SUSPICIOUS_MOVE = YES;
				CLANG_WARN_UNREACHABLE_CODE = YES;
				CLANG_WARN__DUPLICATE_METHOD_MATCH = YES;
				"CODE_SIGN_IDENTITY[sdk=iphoneos*]" = "iPhone Developer";
				COPY_PHASE_STRIP = NO;
				DEBUG_INFORMATION_FORMAT = dwarf;
				ENABLE_STRICT_OBJC_MSGSEND = YES;
				ENABLE_TESTABILITY = YES;
				GCC_C_LANGUAGE_STANDARD = gnu99;
				GCC_DYNAMIC_NO_PIC = NO;
				GCC_NO_COMMON_BLOCKS = YES;
				GCC_OPTIMIZATION_LEVEL = 0;
				GCC_PREPROCESSOR_DEFINITIONS = (
					"DEBUG=1",
					"$(inherited)",
				);
				GCC_WARN_64_TO_32_BIT_CONVERSION = YES;
				GCC_WARN_ABOUT_RETURN_TYPE = YES_ERROR;
				GCC_WARN_UNDECLARED_SELECTOR = YES;
				GCC_WARN_UNINITIALIZED_AUTOS = YES_AGGRESSIVE;
				GCC_WARN_UNUSED_FUNCTION = YES;
				GCC_WARN_UNUSED_VARIABLE = YES;
				IPHONEOS_DEPLOYMENT_TARGET = 8.0;
				MTL_ENABLE_DEBUG_INFO = YES;
				ONLY_ACTIVE_ARCH = YES;
				SDKROOT = iphoneos;
			};
			name = Debug;
		};
		9D574C481F33032200B603DF /* Release */ = {
			isa = XCBuildConfiguration;
			buildSettings = {
				ALWAYS_SEARCH_USER_PATHS = NO;
				CLANG_ANALYZER_NONNULL = YES;
				CLANG_ANALYZER_NUMBER_OBJECT_CONVERSION = YES_AGGRESSIVE;
				CLANG_CXX_LANGUAGE_STANDARD = "gnu++0x";
				CLANG_CXX_LIBRARY = "libc++";
				CLANG_ENABLE_MODULES = YES;
				CLANG_ENABLE_OBJC_ARC = YES;
				CLANG_WARN_BOOL_CONVERSION = YES;
				CLANG_WARN_CONSTANT_CONVERSION = YES;
				CLANG_WARN_DIRECT_OBJC_ISA_USAGE = YES_ERROR;
				CLANG_WARN_DOCUMENTATION_COMMENTS = YES;
				CLANG_WARN_EMPTY_BODY = YES;
				CLANG_WARN_ENUM_CONVERSION = YES;
				CLANG_WARN_INFINITE_RECURSION = YES;
				CLANG_WARN_INT_CONVERSION = YES;
				CLANG_WARN_OBJC_ROOT_CLASS = YES_ERROR;
				CLANG_WARN_SUSPICIOUS_MOVE = YES;
				CLANG_WARN_UNREACHABLE_CODE = YES;
				CLANG_WARN__DUPLICATE_METHOD_MATCH = YES;
				"CODE_SIGN_IDENTITY[sdk=iphoneos*]" = "iPhone Developer";
				COPY_PHASE_STRIP = NO;
				DEBUG_INFORMATION_FORMAT = "dwarf-with-dsym";
				ENABLE_NS_ASSERTIONS = NO;
				ENABLE_STRICT_OBJC_MSGSEND = YES;
				GCC_C_LANGUAGE_STANDARD = gnu99;
				GCC_NO_COMMON_BLOCKS = YES;
				GCC_WARN_64_TO_32_BIT_CONVERSION = YES;
				GCC_WARN_ABOUT_RETURN_TYPE = YES_ERROR;
				GCC_WARN_UNDECLARED_SELECTOR = YES;
				GCC_WARN_UNINITIALIZED_AUTOS = YES_AGGRESSIVE;
				GCC_WARN_UNUSED_FUNCTION = YES;
				GCC_WARN_UNUSED_VARIABLE = YES;
				IPHONEOS_DEPLOYMENT_TARGET = 8.0;
				MTL_ENABLE_DEBUG_INFO = NO;
				SDKROOT = iphoneos;
				VALIDATE_PRODUCT = YES;
			};
			name = Release;
		};
		9D574C4A1F33032200B603DF /* Debug */ = {
			isa = XCBuildConfiguration;
			baseConfigurationReference = 557211C21550FDD8E92D4179 /* Pods-LCLevelIntervalView.debug.xcconfig */;
			buildSettings = {
				DEVELOPMENT_TEAM = 743Y9377LW;
				LIBRARY_SEARCH_PATHS = (
					"$(inherited)",
					"$(PROJECT_DIR)/LCLevelIntervalView",
				);
				ONLY_ACTIVE_ARCH = NO;
				OTHER_LDFLAGS = "-ObjC";
				PRODUCT_NAME = "$(TARGET_NAME)";
				SKIP_INSTALL = YES;
			};
			name = Debug;
		};
		9D574C4B1F33032200B603DF /* Release */ = {
			isa = XCBuildConfiguration;
			baseConfigurationReference = AFB8D22A1778F82CCB08B466 /* Pods-LCLevelIntervalView.release.xcconfig */;
			buildSettings = {
				DEVELOPMENT_TEAM = 743Y9377LW;
				LIBRARY_SEARCH_PATHS = (
					"$(inherited)",
					"$(PROJECT_DIR)/LCLevelIntervalView",
				);
				OTHER_LDFLAGS = "-ObjC";
				PRODUCT_NAME = "$(TARGET_NAME)";
				SKIP_INSTALL = YES;
			};
			name = Release;
		};
/* End XCBuildConfiguration section */

/* Begin XCConfigurationList section */
		9D574C3B1F33032200B603DF /* Build configuration list for PBXProject "LCLevelIntervalView" */ = {
			isa = XCConfigurationList;
			buildConfigurations = (
				9D574C471F33032200B603DF /* Debug */,
				9D574C481F33032200B603DF /* Release */,
			);
			defaultConfigurationIsVisible = 0;
			defaultConfigurationName = Release;
		};
		9D574C491F33032200B603DF /* Build configuration list for PBXNativeTarget "LCLevelIntervalView" */ = {
			isa = XCConfigurationList;
			buildConfigurations = (
				9D574C4A1F33032200B603DF /* Debug */,
				9D574C4B1F33032200B603DF /* Release */,
			);
			defaultConfigurationIsVisible = 0;
			defaultConfigurationName = Release;
		};
/* End XCConfigurationList section */
	};
	rootObject = 9D574C381F33032200B603DF /* Project object */;
}
